// !$*UTF8*$!
{
	archiveVersion = 1;
	classes = {
	};
	objectVersion = 56;
	objects = {

/* Begin PBXBuildFile section */
		BD005C612993878D008E0962 /* AppDelegate.swift in Sources */ = {isa = PBXBuildFile; fileRef = BD005C602993878D008E0962 /* AppDelegate.swift */; };
		BD005C632993878D008E0962 /* SceneDelegate.swift in Sources */ = {isa = PBXBuildFile; fileRef = BD005C622993878D008E0962 /* SceneDelegate.swift */; };
		BD005C682993878D008E0962 /* Main.storyboard in Resources */ = {isa = PBXBuildFile; fileRef = BD005C662993878D008E0962 /* Main.storyboard */; };
		BD005C6A2993878F008E0962 /* Assets.xcassets in Resources */ = {isa = PBXBuildFile; fileRef = BD005C692993878F008E0962 /* Assets.xcassets */; };
		BD005C6D2993878F008E0962 /* LaunchScreen.storyboard in Resources */ = {isa = PBXBuildFile; fileRef = BD005C6B2993878F008E0962 /* LaunchScreen.storyboard */; };
		BD005C792993A859008E0962 /* NewsListTableViewController.swift in Sources */ = {isa = PBXBuildFile; fileRef = BD005C782993A859008E0962 /* NewsListTableViewController.swift */; };
		BD005C7C2993AA16008E0962 /* WebService.swift in Sources */ = {isa = PBXBuildFile; fileRef = BD005C7B2993AA16008E0962 /* WebService.swift */; };
		BD005C7F2993ADF2008E0962 /* ArticleList.swift in Sources */ = {isa = PBXBuildFile; fileRef = BD005C7E2993ADF2008E0962 /* ArticleList.swift */; };
		BD005C822993B68F008E0962 /* ArticleViewModel.swift in Sources */ = {isa = PBXBuildFile; fileRef = BD005C812993B68F008E0962 /* ArticleViewModel.swift */; };
		BD005C852993C2C9008E0962 /* ArticleTableViewCell.swift in Sources */ = {isa = PBXBuildFile; fileRef = BD005C842993C2C9008E0962 /* ArticleTableViewCell.swift */; };
		BD005C8D2995966E008E0962 /* Categories.swift in Sources */ = {isa = PBXBuildFile; fileRef = BD005C8C2995966E008E0962 /* Categories.swift */; };
/* End PBXBuildFile section */

/* Begin PBXFileReference section */
		BD005C5D2993878D008E0962 /* NewsApp.app */ = {isa = PBXFileReference; explicitFileType = wrapper.application; includeInIndex = 0; path = NewsApp.app; sourceTree = BUILT_PRODUCTS_DIR; };
		BD005C602993878D008E0962 /* AppDelegate.swift */ = {isa = PBXFileReference; lastKnownFileType = sourcecode.swift; path = AppDelegate.swift; sourceTree = "<group>"; };
		BD005C622993878D008E0962 /* SceneDelegate.swift */ = {isa = PBXFileReference; lastKnownFileType = sourcecode.swift; path = SceneDelegate.swift; sourceTree = "<group>"; };
		BD005C672993878D008E0962 /* Base */ = {isa = PBXFileReference; lastKnownFileType = file.storyboard; name = Base; path = Base.lproj/Main.storyboard; sourceTree = "<group>"; };
		BD005C692993878F008E0962 /* Assets.xcassets */ = {isa = PBXFileReference; lastKnownFileType = folder.assetcatalog; path = Assets.xcassets; sourceTree = "<group>"; };
		BD005C6C2993878F008E0962 /* Base */ = {isa = PBXFileReference; lastKnownFileType = file.storyboard; name = Base; path = Base.lproj/LaunchScreen.storyboard; sourceTree = "<group>"; };
		BD005C6E2993878F008E0962 /* Info.plist */ = {isa = PBXFileReference; lastKnownFileType = text.plist.xml; path = Info.plist; sourceTree = "<group>"; };
		BD005C782993A859008E0962 /* NewsListTableViewController.swift */ = {isa = PBXFileReference; lastKnownFileType = sourcecode.swift; path = NewsListTableViewController.swift; sourceTree = "<group>"; };
		BD005C7B2993AA16008E0962 /* WebService.swift */ = {isa = PBXFileReference; lastKnownFileType = sourcecode.swift; path = WebService.swift; sourceTree = "<group>"; };
		BD005C7E2993ADF2008E0962 /* ArticleList.swift */ = {isa = PBXFileReference; lastKnownFileType = sourcecode.swift; path = ArticleList.swift; sourceTree = "<group>"; };
		BD005C812993B68F008E0962 /* ArticleViewModel.swift */ = {isa = PBXFileReference; lastKnownFileType = sourcecode.swift; path = ArticleViewModel.swift; sourceTree = "<group>"; };
		BD005C842993C2C9008E0962 /* ArticleTableViewCell.swift */ = {isa = PBXFileReference; lastKnownFileType = sourcecode.swift; path = ArticleTableViewCell.swift; sourceTree = "<group>"; };
		BD005C8C2995966E008E0962 /* Categories.swift */ = {isa = PBXFileReference; lastKnownFileType = sourcecode.swift; path = Categories.swift; sourceTree = "<group>"; };
/* End PBXFileReference section */

/* Begin PBXFrameworksBuildPhase section */
		BD005C5A2993878D008E0962 /* Frameworks */ = {
			isa = PBXFrameworksBuildPhase;
			buildActionMask = 2147483647;
			files = (
			);
			runOnlyForDeploymentPostprocessing = 0;
		};
/* End PBXFrameworksBuildPhase section */

/* Begin PBXGroup section */
		BD005C542993878D008E0962 = {
			isa = PBXGroup;
			children = (
				BD005C5F2993878D008E0962 /* NewsApp */,
				BD005C5E2993878D008E0962 /* Products */,
			);
			sourceTree = "<group>";
		};
		BD005C5E2993878D008E0962 /* Products */ = {
			isa = PBXGroup;
			children = (
				BD005C5D2993878D008E0962 /* NewsApp.app */,
			);
			name = Products;
			sourceTree = "<group>";
		};
		BD005C5F2993878D008E0962 /* NewsApp */ = {
			isa = PBXGroup;
			children = (
				BD005C832993C2AE008E0962 /* Cells */,
				BD005C802993B65F008E0962 /* View Models */,
				BD005C7D2993ADD3008E0962 /* Models */,
				BD005C7A2993A9CD008E0962 /* Services */,
				BD005C772993A83C008E0962 /* Controllers */,
				BD005C602993878D008E0962 /* AppDelegate.swift */,
				BD005C622993878D008E0962 /* SceneDelegate.swift */,
				BD005C662993878D008E0962 /* Main.storyboard */,
				BD005C692993878F008E0962 /* Assets.xcassets */,
				BD005C6B2993878F008E0962 /* LaunchScreen.storyboard */,
				BD005C6E2993878F008E0962 /* Info.plist */,
			);
			path = NewsApp;
			sourceTree = "<group>";
		};
		BD005C772993A83C008E0962 /* Controllers */ = {
			isa = PBXGroup;
			children = (
				BD005C782993A859008E0962 /* NewsListTableViewController.swift */,
			);
			path = Controllers;
			sourceTree = "<group>";
		};
		BD005C7A2993A9CD008E0962 /* Services */ = {
			isa = PBXGroup;
			children = (
				BD005C7B2993AA16008E0962 /* WebService.swift */,
			);
			path = Services;
			sourceTree = "<group>";
		};
		BD005C7D2993ADD3008E0962 /* Models */ = {
			isa = PBXGroup;
			children = (
				BD005C7E2993ADF2008E0962 /* ArticleList.swift */,
				BD005C8C2995966E008E0962 /* Categories.swift */,
			);
			path = Models;
			sourceTree = "<group>";
		};
		BD005C802993B65F008E0962 /* View Models */ = {
			isa = PBXGroup;
			children = (
				BD005C812993B68F008E0962 /* ArticleViewModel.swift */,
			);
			path = "View Models";
			sourceTree = "<group>";
		};
		BD005C832993C2AE008E0962 /* Cells */ = {
			isa = PBXGroup;
			children = (
				BD005C842993C2C9008E0962 /* ArticleTableViewCell.swift */,
			);
			path = Cells;
			sourceTree = "<group>";
		};
/* End PBXGroup section */

/* Begin PBXNativeTarget section */
		BD005C5C2993878D008E0962 /* NewsApp */ = {
			isa = PBXNativeTarget;
			buildConfigurationList = BD005C712993878F008E0962 /* Build configuration list for PBXNativeTarget "NewsApp" */;
			buildPhases = (
				BD005C592993878D008E0962 /* Sources */,
				BD005C5A2993878D008E0962 /* Frameworks */,
				BD005C5B2993878D008E0962 /* Resources */,
			);
			buildRules = (
			);
			dependencies = (
			);
			name = NewsApp;
			productName = NewsApp;
			productReference = BD005C5D2993878D008E0962 /* NewsApp.app */;
			productType = "com.apple.product-type.application";
		};
/* End PBXNativeTarget section */

/* Begin PBXProject section */
		BD005C552993878D008E0962 /* Project object */ = {
			isa = PBXProject;
			attributes = {
				BuildIndependentTargetsInParallel = 1;
				LastSwiftUpdateCheck = 1420;
				LastUpgradeCheck = 1420;
				TargetAttributes = {
					BD005C5C2993878D008E0962 = {
						CreatedOnToolsVersion = 14.2;
					};
				};
			};
			buildConfigurationList = BD005C582993878D008E0962 /* Build configuration list for PBXProject "NewsApp" */;
			compatibilityVersion = "Xcode 14.0";
			developmentRegion = en;
			hasScannedForEncodings = 0;
			knownRegions = (
				en,
				Base,
			);
			mainGroup = BD005C542993878D008E0962;
			productRefGroup = BD005C5E2993878D008E0962 /* Products */;
			projectDirPath = "";
			projectRoot = "";
			targets = (
				BD005C5C2993878D008E0962 /* NewsApp */,
			);
		};
/* End PBXProject section */

/* Begin PBXResourcesBuildPhase section */
		BD005C5B2993878D008E0962 /* Resources */ = {
			isa = PBXResourcesBuildPhase;
			buildActionMask = 2147483647;
			files = (
				BD005C6D2993878F008E0962 /* LaunchScreen.storyboard in Resources */,
				BD005C6A2993878F008E0962 /* Assets.xcassets in Resources */,
				BD005C682993878D008E0962 /* Main.storyboard in Resources */,
			);
			runOnlyForDeploymentPostprocessing = 0;
		};
/* End PBXResourcesBuildPhase section */

/* Begin PBXSourcesBuildPhase section */
		BD005C592993878D008E0962 /* Sources */ = {
			isa = PBXSourcesBuildPhase;
			buildActionMask = 2147483647;
			files = (
				BD005C612993878D008E0962 /* AppDelegate.swift in Sources */,
				BD005C8D2995966E008E0962 /* Categories.swift in Sources */,
				BD005C792993A859008E0962 /* NewsListTableViewController.swift in Sources */,
				BD005C7C2993AA16008E0962 /* WebService.swift in Sources */,
				BD005C822993B68F008E0962 /* ArticleViewModel.swift in Sources */,
				BD005C632993878D008E0962 /* SceneDelegate.swift in Sources */,
				BD005C852993C2C9008E0962 /* ArticleTableViewCell.swift in Sources */,
				BD005C7F2993ADF2008E0962 /* ArticleList.swift in Sources */,
			);
			runOnlyForDeploymentPostprocessing = 0;
		};
/* End PBXSourcesBuildPhase section */

/* Begin PBXVariantGroup section */
		BD005C662993878D008E0962 /* Main.storyboard */ = {
			isa = PBXVariantGroup;
			children = (
				BD005C672993878D008E0962 /* Base */,
			);
			name = Main.storyboard;
			sourceTree = "<group>";
		};
		BD005C6B2993878F008E0962 /* LaunchScreen.storyboard */ = {
			isa = PBXVariantGroup;
			children = (
				BD005C6C2993878F008E0962 /* Base */,
			);
			name = LaunchScreen.storyboard;
			sourceTree = "<group>";
		};
/* End PBXVariantGroup section */

/* Begin XCBuildConfiguration section */
		BD005C6F2993878F008E0962 /* Debug */ = {
			isa = XCBuildConfiguration;
			buildSettings = {
				ALWAYS_SEARCH_USER_PATHS = NO;
				CLANG_ANALYZER_NONNULL = YES;
				CLANG_ANALYZER_NUMBER_OBJECT_CONVERSION = YES_AGGRESSIVE;
				CLANG_CXX_LANGUAGE_STANDARD = "gnu++20";
				CLANG_ENABLE_MODULES = YES;
				CLANG_ENABLE_OBJC_ARC = YES;
				CLANG_ENABLE_OBJC_WEAK = YES;
				CLANG_WARN_BLOCK_CAPTURE_AUTORELEASING = YES;
				CLANG_WARN_BOOL_CONVERSION = YES;
				CLANG_WARN_COMMA = YES;
				CLANG_WARN_CONSTANT_CONVERSION = YES;
				CLANG_WARN_DEPRECATED_OBJC_IMPLEMENTATIONS = YES;
				CLANG_WARN_DIRECT_OBJC_ISA_USAGE = YES_ERROR;
				CLANG_WARN_DOCUMENTATION_COMMENTS = YES;
				CLANG_WARN_EMPTY_BODY = YES;
				CLANG_WARN_ENUM_CONVERSION = YES;
				CLANG_WARN_INFINITE_RECURSION = YES;
				CLANG_WARN_INT_CONVERSION = YES;
				CLANG_WARN_NON_LITERAL_NULL_CONVERSION = YES;
				CLANG_WARN_OBJC_IMPLICIT_RETAIN_SELF = YES;
				CLANG_WARN_OBJC_LITERAL_CONVERSION = YES;
				CLANG_WARN_OBJC_ROOT_CLASS = YES_ERROR;
				CLANG_WARN_QUOTED_INCLUDE_IN_FRAMEWORK_HEADER = YES;
				CLANG_WARN_RANGE_LOOP_ANALYSIS = YES;
				CLANG_WARN_STRICT_PROTOTYPES = YES;
				CLANG_WARN_SUSPICIOUS_MOVE = YES;
				CLANG_WARN_UNGUARDED_AVAILABILITY = YES_AGGRESSIVE;
				CLANG_WARN_UNREACHABLE_CODE = YES;
				CLANG_WARN__DUPLICATE_METHOD_MATCH = YES;
				COPY_PHASE_STRIP = NO;
				DEBUG_INFORMATION_FORMAT = dwarf;
				ENABLE_STRICT_OBJC_MSGSEND = YES;
				ENABLE_TESTABILITY = YES;
				GCC_C_LANGUAGE_STANDARD = gnu11;
				GCC_DYNAMIC_NO_PIC = NO;
				GCC_NO_COMMON_BLOCKS = YES;
				GCC_OPTIMIZATION_LEVEL = 0;
				GCC_PREPROCESSOR_DEFINITIONS = (
					"DEBUG=1",
					"$(inherited)",
				);
				GCC_WARN_64_TO_32_BIT_CONVERSION = YES;
				GCC_WARN_ABOUT_RETURN_TYPE = YES_ERROR;
				GCC_WARN_UNDECLARED_SELECTOR = YES;
				GCC_WARN_UNINITIALIZED_AUTOS = YES_AGGRESSIVE;
				GCC_WARN_UNUSED_FUNCTION = YES;
				GCC_WARN_UNUSED_VARIABLE = YES;
				IPHONEOS_DEPLOYMENT_TARGET = 16.2;
				MTL_ENABLE_DEBUG_INFO = INCLUDE_SOURCE;
				MTL_FAST_MATH = YES;
				ONLY_ACTIVE_ARCH = YES;
				SDKROOT = iphoneos;
				SWIFT_ACTIVE_COMPILATION_CONDITIONS = DEBUG;
				SWIFT_OPTIMIZATION_LEVEL = "-Onone";
			};
			name = Debug;
		};
		BD005C702993878F008E0962 /* Release */ = {
			isa = XCBuildConfiguration;
			buildSettings = {
				ALWAYS_SEARCH_USER_PATHS = NO;
				CLANG_ANALYZER_NONNULL = YES;
				CLANG_ANALYZER_NUMBER_OBJECT_CONVERSION = YES_AGGRESSIVE;
				CLANG_CXX_LANGUAGE_STANDARD = "gnu++20";
				CLANG_ENABLE_MODULES = YES;
				CLANG_ENABLE_OBJC_ARC = YES;
				CLANG_ENABLE_OBJC_WEAK = YES;
				CLANG_WARN_BLOCK_CAPTURE_AUTORELEASING = YES;
				CLANG_WARN_BOOL_CONVERSION = YES;
				CLANG_WARN_COMMA = YES;
				CLANG_WARN_CONSTANT_CONVERSION = YES;
				CLANG_WARN_DEPRECATED_OBJC_IMPLEMENTATIONS = YES;
				CLANG_WARN_DIRECT_OBJC_ISA_USAGE = YES_ERROR;
				CLANG_WARN_DOCUMENTATION_COMMENTS = YES;
				CLANG_WARN_EMPTY_BODY = YES;
				CLANG_WARN_ENUM_CONVERSION = YES;
				CLANG_WARN_INFINITE_RECURSION = YES;
				CLANG_WARN_INT_CONVERSION = YES;
				CLANG_WARN_NON_LITERAL_NULL_CONVERSION = YES;
				CLANG_WARN_OBJC_IMPLICIT_RETAIN_SELF = YES;
				CLANG_WARN_OBJC_LITERAL_CONVERSION = YES;
				CLANG_WARN_OBJC_ROOT_CLASS = YES_ERROR;
				CLANG_WARN_QUOTED_INCLUDE_IN_FRAMEWORK_HEADER = YES;
				CLANG_WARN_RANGE_LOOP_ANALYSIS = YES;
				CLANG_WARN_STRICT_PROTOTYPES = YES;
				CLANG_WARN_SUSPICIOUS_MOVE = YES;
				CLANG_WARN_UNGUARDED_AVAILABILITY = YES_AGGRESSIVE;
				CLANG_WARN_UNREACHABLE_CODE = YES;
				CLANG_WARN__DUPLICATE_METHOD_MATCH = YES;
				COPY_PHASE_STRIP = NO;
				DEBUG_INFORMATION_FORMAT = "dwarf-with-dsym";
				ENABLE_NS_ASSERTIONS = NO;
				ENABLE_STRICT_OBJC_MSGSEND = YES;
				GCC_C_LANGUAGE_STANDARD = gnu11;
				GCC_NO_COMMON_BLOCKS = YES;
				GCC_WARN_64_TO_32_BIT_CONVERSION = YES;
				GCC_WARN_ABOUT_RETURN_TYPE = YES_ERROR;
				GCC_WARN_UNDECLARED_SELECTOR = YES;
				GCC_WARN_UNINITIALIZED_AUTOS = YES_AGGRESSIVE;
				GCC_WARN_UNUSED_FUNCTION = YES;
				GCC_WARN_UNUSED_VARIABLE = YES;
				IPHONEOS_DEPLOYMENT_TARGET = 16.2;
				MTL_ENABLE_DEBUG_INFO = NO;
				MTL_FAST_MATH = YES;
				SDKROOT = iphoneos;
				SWIFT_COMPILATION_MODE = wholemodule;
				SWIFT_OPTIMIZATION_LEVEL = "-O";
				VALIDATE_PRODUCT = YES;
			};
			name = Release;
		};
		BD005C722993878F008E0962 /* Debug */ = {
			isa = XCBuildConfiguration;
			buildSettings = {
				ASSETCATALOG_COMPILER_APPICON_NAME = AppIcon;
				ASSETCATALOG_COMPILER_GLOBAL_ACCENT_COLOR_NAME = AccentColor;
				CODE_SIGN_STYLE = Automatic;
				CURRENT_PROJECT_VERSION = 1;
				DEVELOPMENT_TEAM = 729RS4Z3AS;
				GENERATE_INFOPLIST_FILE = YES;
				INFOPLIST_FILE = NewsApp/Info.plist;
				INFOPLIST_KEY_UIApplicationSupportsIndirectInputEvents = YES;
				INFOPLIST_KEY_UILaunchStoryboardName = LaunchScreen;
				INFOPLIST_KEY_UIMainStoryboardFile = Main;
				INFOPLIST_KEY_UIStatusBarStyle = UIStatusBarStyleLightContent;
				INFOPLIST_KEY_UISupportedInterfaceOrientations_iPad = "UIInterfaceOrientationPortrait UIInterfaceOrientationPortraitUpsideDown UIInterfaceOrientationLandscapeLeft UIInterfaceOrientationLandscapeRight";
				INFOPLIST_KEY_UISupportedInterfaceOrientations_iPhone = "UIInterfaceOrientationPortrait UIInterfaceOrientationLandscapeLeft UIInterfaceOrientationLandscapeRight";
				LD_RUNPATH_SEARCH_PATHS = (
					"$(inherited)",
					"@executable_path/Frameworks",
				);
				MARKETING_VERSION = 1.0;
				PRODUCT_BUNDLE_IDENTIFIER = io.dawlab.NewsApp;
				PRODUCT_NAME = "$(TARGET_NAME)";
				SWIFT_EMIT_LOC_STRINGS = YES;
				SWIFT_VERSION = 5.0;
				TARGETED_DEVICE_FAMILY = "1,2";
			};
			name = Debug;
		};
		BD005C732993878F008E0962 /* Release */ = {
			isa = XCBuildConfiguration;
			buildSettings = {
				ASSETCATALOG_COMPILER_APPICON_NAME = AppIcon;
				ASSETCATALOG_COMPILER_GLOBAL_ACCENT_COLOR_NAME = AccentColor;
				CODE_SIGN_STYLE = Automatic;
				CURRENT_PROJECT_VERSION = 1;
				DEVELOPMENT_TEAM = 729RS4Z3AS;
				GENERATE_INFOPLIST_FILE = YES;
				INFOPLIST_FILE = NewsApp/Info.plist;
				INFOPLIST_KEY_UIApplicationSupportsIndirectInputEvents = YES;
				INFOPLIST_KEY_UILaunchStoryboardName = LaunchScreen;
				INFOPLIST_KEY_UIMainStoryboardFile = Main;
				INFOPLIST_KEY_UIStatusBarStyle = UIStatusBarStyleLightContent;
				INFOPLIST_KEY_UISupportedInterfaceOrientations_iPad = "UIInterfaceOrientationPortrait UIInterfaceOrientationPortraitUpsideDown UIInterfaceOrientationLandscapeLeft UIInterfaceOrientationLandscapeRight";
				INFOPLIST_KEY_UISupportedInterfaceOrientations_iPhone = "UIInterfaceOrientationPortrait UIInterfaceOrientationLandscapeLeft UIInterfaceOrientationLandscapeRight";
				LD_RUNPATH_SEARCH_PATHS = (
					"$(inherited)",
					"@executable_path/Frameworks",
				);
				MARKETING_VERSION = 1.0;
				PRODUCT_BUNDLE_IDENTIFIER = io.dawlab.NewsApp;
				PRODUCT_NAME = "$(TARGET_NAME)";
				SWIFT_EMIT_LOC_STRINGS = YES;
				SWIFT_VERSION = 5.0;
				TARGETED_DEVICE_FAMILY = "1,2";
			};
			name = Release;
		};
/* End XCBuildConfiguration section */

/* Begin XCConfigurationList section */
		BD005C582993878D008E0962 /* Build configuration list for PBXProject "NewsApp" */ = {
			isa = XCConfigurationList;
			buildConfigurations = (
				BD005C6F2993878F008E0962 /* Debug */,
				BD005C702993878F008E0962 /* Release */,
			);
			defaultConfigurationIsVisible = 0;
			defaultConfigurationName = Release;
		};
		BD005C712993878F008E0962 /* Build configuration list for PBXNativeTarget "NewsApp" */ = {
			isa = XCConfigurationList;
			buildConfigurations = (
				BD005C722993878F008E0962 /* Debug */,
				BD005C732993878F008E0962 /* Release */,
			);
			defaultConfigurationIsVisible = 0;
			defaultConfigurationName = Release;
		};
/* End XCConfigurationList section */
	};
	rootObject = BD005C552993878D008E0962 /* Project object */;
}
